// !$*UTF8*$!
{
	archiveVersion = 1;
	classes = {
	};
	objectVersion = 46;
	objects = {

/* Begin PBXBuildFile section */
		6162F884BEC69CABB3B0BD87 /* libPods-Scroller.a in Frameworks */ = {isa = PBXBuildFile; fileRef = FBA3464318A0DBB5AFBA02C9 /* libPods-Scroller.a */; };
		921A21721F31639300943D73 /* PhotoManager.swift in Sources */ = {isa = PBXBuildFile; fileRef = 921A21711F31639300943D73 /* PhotoManager.swift */; };
		925FFB4A1F3015FA008CEB6F /* AppDelegate.swift in Sources */ = {isa = PBXBuildFile; fileRef = 925FFB491F3015FA008CEB6F /* AppDelegate.swift */; };
		925FFB4C1F3015FA008CEB6F /* ViewController.swift in Sources */ = {isa = PBXBuildFile; fileRef = 925FFB4B1F3015FA008CEB6F /* ViewController.swift */; };
		925FFB4F1F3015FA008CEB6F /* Main.storyboard in Resources */ = {isa = PBXBuildFile; fileRef = 925FFB4D1F3015FA008CEB6F /* Main.storyboard */; };
		925FFB511F3015FA008CEB6F /* Assets.xcassets in Resources */ = {isa = PBXBuildFile; fileRef = 925FFB501F3015FA008CEB6F /* Assets.xcassets */; };
		925FFB541F3015FA008CEB6F /* LaunchScreen.storyboard in Resources */ = {isa = PBXBuildFile; fileRef = 925FFB521F3015FA008CEB6F /* LaunchScreen.storyboard */; };
		925FFB5C1F30265E008CEB6F /* CustomShowView.swift in Sources */ = {isa = PBXBuildFile; fileRef = 925FFB5B1F30265E008CEB6F /* CustomShowView.swift */; };
/* End PBXBuildFile section */

/* Begin PBXFileReference section */
		505DD72C8721415A3D8DB6FE /* Pods-Scroller.release.xcconfig */ = {isa = PBXFileReference; includeInIndex = 1; lastKnownFileType = text.xcconfig; name = "Pods-Scroller.release.xcconfig"; path = "Pods/Target Support Files/Pods-Scroller/Pods-Scroller.release.xcconfig"; sourceTree = "<group>"; };
		921A21711F31639300943D73 /* PhotoManager.swift */ = {isa = PBXFileReference; fileEncoding = 4; lastKnownFileType = sourcecode.swift; path = PhotoManager.swift; sourceTree = "<group>"; };
		925FFB461F3015FA008CEB6F /* Scroller.app */ = {isa = PBXFileReference; explicitFileType = wrapper.application; includeInIndex = 0; path = Scroller.app; sourceTree = BUILT_PRODUCTS_DIR; };
		925FFB491F3015FA008CEB6F /* AppDelegate.swift */ = {isa = PBXFileReference; lastKnownFileType = sourcecode.swift; path = AppDelegate.swift; sourceTree = "<group>"; };
		925FFB4B1F3015FA008CEB6F /* ViewController.swift */ = {isa = PBXFileReference; lastKnownFileType = sourcecode.swift; path = ViewController.swift; sourceTree = "<group>"; };
		925FFB4E1F3015FA008CEB6F /* Base */ = {isa = PBXFileReference; lastKnownFileType = file.storyboard; name = Base; path = Base.lproj/Main.storyboard; sourceTree = "<group>"; };
		925FFB501F3015FA008CEB6F /* Assets.xcassets */ = {isa = PBXFileReference; lastKnownFileType = folder.assetcatalog; path = Assets.xcassets; sourceTree = "<group>"; };
		925FFB531F3015FA008CEB6F /* Base */ = {isa = PBXFileReference; lastKnownFileType = file.storyboard; name = Base; path = Base.lproj/LaunchScreen.storyboard; sourceTree = "<group>"; };
		925FFB551F3015FA008CEB6F /* Info.plist */ = {isa = PBXFileReference; lastKnownFileType = text.plist.xml; path = Info.plist; sourceTree = "<group>"; };
		925FFB5B1F30265E008CEB6F /* CustomShowView.swift */ = {isa = PBXFileReference; fileEncoding = 4; lastKnownFileType = sourcecode.swift; path = CustomShowView.swift; sourceTree = "<group>"; };
		B9F9761229E291764C02D1B6 /* Pods-Scroller.debug.xcconfig */ = {isa = PBXFileReference; includeInIndex = 1; lastKnownFileType = text.xcconfig; name = "Pods-Scroller.debug.xcconfig"; path = "Pods/Target Support Files/Pods-Scroller/Pods-Scroller.debug.xcconfig"; sourceTree = "<group>"; };
		FBA3464318A0DBB5AFBA02C9 /* libPods-Scroller.a */ = {isa = PBXFileReference; explicitFileType = archive.ar; includeInIndex = 0; path = "libPods-Scroller.a"; sourceTree = BUILT_PRODUCTS_DIR; };
/* End PBXFileReference section */

/* Begin PBXFrameworksBuildPhase section */
		925FFB431F3015FA008CEB6F /* Frameworks */ = {
			isa = PBXFrameworksBuildPhase;
			buildActionMask = 2147483647;
			files = (
				6162F884BEC69CABB3B0BD87 /* libPods-Scroller.a in Frameworks */,
			);
			runOnlyForDeploymentPostprocessing = 0;
		};
/* End PBXFrameworksBuildPhase section */

/* Begin PBXGroup section */
		1A74C9037C655CF6CDA99485 /* Frameworks */ = {
			isa = PBXGroup;
			children = (
				FBA3464318A0DBB5AFBA02C9 /* libPods-Scroller.a */,
			);
			name = Frameworks;
			sourceTree = "<group>";
		};
		925FFB3D1F3015FA008CEB6F = {
			isa = PBXGroup;
			children = (
				925FFB481F3015FA008CEB6F /* Scroller */,
				925FFB471F3015FA008CEB6F /* Products */,
				CE5E488315092C18F2B5FEBB /* Pods */,
				1A74C9037C655CF6CDA99485 /* Frameworks */,
			);
			sourceTree = "<group>";
		};
		925FFB471F3015FA008CEB6F /* Products */ = {
			isa = PBXGroup;
			children = (
				925FFB461F3015FA008CEB6F /* Scroller.app */,
			);
			name = Products;
			sourceTree = "<group>";
		};
		925FFB481F3015FA008CEB6F /* Scroller */ = {
			isa = PBXGroup;
			children = (
				925FFB491F3015FA008CEB6F /* AppDelegate.swift */,
				925FFB4B1F3015FA008CEB6F /* ViewController.swift */,
				925FFB5B1F30265E008CEB6F /* CustomShowView.swift */,
				921A21711F31639300943D73 /* PhotoManager.swift */,
				925FFB4D1F3015FA008CEB6F /* Main.storyboard */,
				925FFB501F3015FA008CEB6F /* Assets.xcassets */,
				925FFB521F3015FA008CEB6F /* LaunchScreen.storyboard */,
				925FFB551F3015FA008CEB6F /* Info.plist */,
			);
			path = Scroller;
			sourceTree = "<group>";
		};
		CE5E488315092C18F2B5FEBB /* Pods */ = {
			isa = PBXGroup;
			children = (
				B9F9761229E291764C02D1B6 /* Pods-Scroller.debug.xcconfig */,
				505DD72C8721415A3D8DB6FE /* Pods-Scroller.release.xcconfig */,
			);
			name = Pods;
			sourceTree = "<group>";
		};
/* End PBXGroup section */

/* Begin PBXNativeTarget section */
		925FFB451F3015FA008CEB6F /* Scroller */ = {
			isa = PBXNativeTarget;
			buildConfigurationList = 925FFB581F3015FA008CEB6F /* Build configuration list for PBXNativeTarget "Scroller" */;
			buildPhases = (
				E100D78E8E71B5DBC8EC881A /* [CP] Check Pods Manifest.lock */,
				925FFB421F3015FA008CEB6F /* Sources */,
				925FFB431F3015FA008CEB6F /* Frameworks */,
				925FFB441F3015FA008CEB6F /* Resources */,
				53FD03EEFFBB7C9D5481D72D /* [CP] Embed Pods Frameworks */,
				6C8738DE17B2459E94FF2F7C /* [CP] Copy Pods Resources */,
			);
			buildRules = (
			);
			dependencies = (
			);
			name = Scroller;
			productName = Scroller;
			productReference = 925FFB461F3015FA008CEB6F /* Scroller.app */;
			productType = "com.apple.product-type.application";
		};
/* End PBXNativeTarget section */

/* Begin PBXProject section */
		925FFB3E1F3015FA008CEB6F /* Project object */ = {
			isa = PBXProject;
			attributes = {
				LastSwiftUpdateCheck = 0830;
				LastUpgradeCheck = 0830;
				ORGANIZATIONNAME = SeaDragon;
				TargetAttributes = {
					925FFB451F3015FA008CEB6F = {
						CreatedOnToolsVersion = 8.3.3;
						DevelopmentTeam = 6EDRYSS5UY;
						ProvisioningStyle = Automatic;
					};
				};
			};
			buildConfigurationList = 925FFB411F3015FA008CEB6F /* Build configuration list for PBXProject "Scroller" */;
			compatibilityVersion = "Xcode 3.2";
			developmentRegion = English;
			hasScannedForEncodings = 0;
			knownRegions = (
				en,
				Base,
			);
			mainGroup = 925FFB3D1F3015FA008CEB6F;
			productRefGroup = 925FFB471F3015FA008CEB6F /* Products */;
			projectDirPath = "";
			projectRoot = "";
			targets = (
				925FFB451F3015FA008CEB6F /* Scroller */,
			);
		};
/* End PBXProject section */

/* Begin PBXResourcesBuildPhase section */
		925FFB441F3015FA008CEB6F /* Resources */ = {
			isa = PBXResourcesBuildPhase;
			buildActionMask = 2147483647;
			files = (
				925FFB541F3015FA008CEB6F /* LaunchScreen.storyboard in Resources */,
				925FFB511F3015FA008CEB6F /* Assets.xcassets in Resources */,
				925FFB4F1F3015FA008CEB6F /* Main.storyboard in Resources */,
			);
			runOnlyForDeploymentPostprocessing = 0;
		};
/* End PBXResourcesBuildPhase section */

/* Begin PBXShellScriptBuildPhase section */
		53FD03EEFFBB7C9D5481D72D /* [CP] Embed Pods Frameworks */ = {
			isa = PBXShellScriptBuildPhase;
			buildActionMask = 2147483647;
			files = (
			);
			inputPaths = (
			);
			name = "[CP] Embed Pods Frameworks";
			outputPaths = (
			);
			runOnlyForDeploymentPostprocessing = 0;
			shellPath = /bin/sh;
			shellScript = "\"${SRCROOT}/Pods/Target Support Files/Pods-Scroller/Pods-Scroller-frameworks.sh\"\n";
			showEnvVarsInLog = 0;
		};
		6C8738DE17B2459E94FF2F7C /* [CP] Copy Pods Resources */ = {
			isa = PBXShellScriptBuildPhase;
			buildActionMask = 2147483647;
			files = (
			);
			inputPaths = (
			);
			name = "[CP] Copy Pods Resources";
			outputPaths = (
			);
			runOnlyForDeploymentPostprocessing = 0;
			shellPath = /bin/sh;
			shellScript = "\"${SRCROOT}/Pods/Target Support Files/Pods-Scroller/Pods-Scroller-resources.sh\"\n";
			showEnvVarsInLog = 0;
		};
		E100D78E8E71B5DBC8EC881A /* [CP] Check Pods Manifest.lock */ = {
			isa = PBXShellScriptBuildPhase;
			buildActionMask = 2147483647;
			files = (
			);
			inputPaths = (
			);
			name = "[CP] Check Pods Manifest.lock";
			outputPaths = (
			);
			runOnlyForDeploymentPostprocessing = 0;
			shellPath = /bin/sh;
			shellScript = "diff \"${PODS_PODFILE_DIR_PATH}/Podfile.lock\" \"${PODS_ROOT}/Manifest.lock\" > /dev/null\nif [ $? != 0 ] ; then\n    # print error to STDERR\n    echo \"error: The sandbox is not in sync with the Podfile.lock. Run 'pod install' or update your CocoaPods installation.\" >&2\n    exit 1\nfi\n";
			showEnvVarsInLog = 0;
		};
/* End PBXShellScriptBuildPhase section */

/* Begin PBXSourcesBuildPhase section */
		925FFB421F3015FA008CEB6F /* Sources */ = {
			isa = PBXSourcesBuildPhase;
			buildActionMask = 2147483647;
			files = (
				925FFB4C1F3015FA008CEB6F /* ViewController.swift in Sources */,
				925FFB4A1F3015FA008CEB6F /* AppDelegate.swift in Sources */,
				921A21721F31639300943D73 /* PhotoManager.swift in Sources */,
				925FFB5C1F30265E008CEB6F /* CustomShowView.swift in Sources */,
			);
			runOnlyForDeploymentPostprocessing = 0;
		};
/* End PBXSourcesBuildPhase section */

/* Begin PBXVariantGroup section */
		925FFB4D1F3015FA008CEB6F /* Main.storyboard */ = {
			isa = PBXVariantGroup;
			children = (
				925FFB4E1F3015FA008CEB6F /* Base */,
			);
			name = Main.storyboard;
			sourceTree = "<group>";
		};
		925FFB521F3015FA008CEB6F /* LaunchScreen.storyboard */ = {
			isa = PBXVariantGroup;
			children = (
				925FFB531F3015FA008CEB6F /* Base */,
			);
			name = LaunchScreen.storyboard;
			sourceTree = "<group>";
		};
/* End PBXVariantGroup section */

/* Begin XCBuildConfiguration section */
		925FFB561F3015FA008CEB6F /* Debug */ = {
			isa = XCBuildConfiguration;
			buildSettings = {
				ALWAYS_SEARCH_USER_PATHS = NO;
				CLANG_ANALYZER_NONNULL = YES;
				CLANG_ANALYZER_NUMBER_OBJECT_CONVERSION = YES_AGGRESSIVE;
				CLANG_CXX_LANGUAGE_STANDARD = "gnu++0x";
				CLANG_CXX_LIBRARY = "libc++";
				CLANG_ENABLE_MODULES = YES;
				CLANG_ENABLE_OBJC_ARC = YES;
				CLANG_WARN_BOOL_CONVERSION = YES;
				CLANG_WARN_CONSTANT_CONVERSION = YES;
				CLANG_WARN_DIRECT_OBJC_ISA_USAGE = YES_ERROR;
				CLANG_WARN_DOCUMENTATION_COMMENTS = YES;
				CLANG_WARN_EMPTY_BODY = YES;
				CLANG_WARN_ENUM_CONVERSION = YES;
				CLANG_WARN_INFINITE_RECURSION = YES;
				CLANG_WARN_INT_CONVERSION = YES;
				CLANG_WARN_OBJC_ROOT_CLASS = YES_ERROR;
				CLANG_WARN_SUSPICIOUS_MOVE = YES;
				CLANG_WARN_UNREACHABLE_CODE = YES;
				CLANG_WARN__DUPLICATE_METHOD_MATCH = YES;
				"CODE_SIGN_IDENTITY[sdk=iphoneos*]" = "iPhone Developer";
				COPY_PHASE_STRIP = NO;
				DEBUG_INFORMATION_FORMAT = dwarf;
				ENABLE_STRICT_OBJC_MSGSEND = YES;
				ENABLE_TESTABILITY = YES;
				GCC_C_LANGUAGE_STANDARD = gnu99;
				GCC_DYNAMIC_NO_PIC = NO;
				GCC_NO_COMMON_BLOCKS = YES;
				GCC_OPTIMIZATION_LEVEL = 0;
				GCC_PREPROCESSOR_DEFINITIONS = (
					"DEBUG=1",
					"$(inherited)",
				);
				GCC_WARN_64_TO_32_BIT_CONVERSION = YES;
				GCC_WARN_ABOUT_RETURN_TYPE = YES_ERROR;
				GCC_WARN_UNDECLARED_SELECTOR = YES;
				GCC_WARN_UNINITIALIZED_AUTOS = YES_AGGRESSIVE;
				GCC_WARN_UNUSED_FUNCTION = YES;
				GCC_WARN_UNUSED_VARIABLE = YES;
				IPHONEOS_DEPLOYMENT_TARGET = 10.3;
				MTL_ENABLE_DEBUG_INFO = YES;
				ONLY_ACTIVE_ARCH = YES;
				SDKROOT = iphoneos;
				SWIFT_ACTIVE_COMPILATION_CONDITIONS = DEBUG;
				SWIFT_OPTIMIZATION_LEVEL = "-Onone";
				TARGETED_DEVICE_FAMILY = "1,2";
			};
			name = Debug;
		};
		925FFB571F3015FA008CEB6F /* Release */ = {
			isa = XCBuildConfiguration;
			buildSettings = {
				ALWAYS_SEARCH_USER_PATHS = NO;
				CLANG_ANALYZER_NONNULL = YES;
				CLANG_ANALYZER_NUMBER_OBJECT_CONVERSION = YES_AGGRESSIVE;
				CLANG_CXX_LANGUAGE_STANDARD = "gnu++0x";
				CLANG_CXX_LIBRARY = "libc++";
				CLANG_ENABLE_MODULES = YES;
				CLANG_ENABLE_OBJC_ARC = YES;
				CLANG_WARN_BOOL_CONVERSION = YES;
				CLANG_WARN_CONSTANT_CONVERSION = YES;
				CLANG_WARN_DIRECT_OBJC_ISA_USAGE = YES_ERROR;
				CLANG_WARN_DOCUMENTATION_COMMENTS = YES;
				CLANG_WARN_EMPTY_BODY = YES;
				CLANG_WARN_ENUM_CONVERSION = YES;
				CLANG_WARN_INFINITE_RECURSION = YES;
				CLANG_WARN_INT_CONVERSION = YES;
				CLANG_WARN_OBJC_ROOT_CLASS = YES_ERROR;
				CLANG_WARN_SUSPICIOUS_MOVE = YES;
				CLANG_WARN_UNREACHABLE_CODE = YES;
				CLANG_WARN__DUPLICATE_METHOD_MATCH = YES;
				"CODE_SIGN_IDENTITY[sdk=iphoneos*]" = "iPhone Developer";
				COPY_PHASE_STRIP = NO;
				DEBUG_INFORMATION_FORMAT = "dwarf-with-dsym";
				ENABLE_NS_ASSERTIONS = NO;
				ENABLE_STRICT_OBJC_MSGSEND = YES;
				GCC_C_LANGUAGE_STANDARD = gnu99;
				GCC_NO_COMMON_BLOCKS = YES;
				GCC_WARN_64_TO_32_BIT_CONVERSION = YES;
				GCC_WARN_ABOUT_RETURN_TYPE = YES_ERROR;
				GCC_WARN_UNDECLARED_SELECTOR = YES;
				GCC_WARN_UNINITIALIZED_AUTOS = YES_AGGRESSIVE;
				GCC_WARN_UNUSED_FUNCTION = YES;
				GCC_WARN_UNUSED_VARIABLE = YES;
				IPHONEOS_DEPLOYMENT_TARGET = 10.3;
				MTL_ENABLE_DEBUG_INFO = NO;
				SDKROOT = iphoneos;
				SWIFT_OPTIMIZATION_LEVEL = "-Owholemodule";
				TARGETED_DEVICE_FAMILY = "1,2";
				VALIDATE_PRODUCT = YES;
			};
			name = Release;
		};
		925FFB591F3015FA008CEB6F /* Debug */ = {
			isa = XCBuildConfiguration;
			baseConfigurationReference = B9F9761229E291764C02D1B6 /* Pods-Scroller.debug.xcconfig */;
			buildSettings = {
				DEVELOPMENT_TEAM = 6EDRYSS5UY;
				INFOPLIST_FILE = Scroller/Info.plist;
				IPHONEOS_DEPLOYMENT_TARGET = 8.0;
				LD_RUNPATH_SEARCH_PATHS = "$(inherited) @executable_path/Frameworks";
				PRODUCT_BUNDLE_IDENTIFIER = JHChat.Scroller;
				PRODUCT_NAME = "$(TARGET_NAME)";
				SWIFT_VERSION = 3.0;
			};
			name = Debug;
		};
		925FFB5A1F3015FA008CEB6F /* Release */ = {
			isa = XCBuildConfiguration;
			baseConfigurationReference = 505DD72C8721415A3D8DB6FE /* Pods-Scroller.release.xcconfig */;
			buildSettings = {
				DEVELOPMENT_TEAM = 6EDRYSS5UY;
				INFOPLIST_FILE = Scroller/Info.plist;
				IPHONEOS_DEPLOYMENT_TARGET = 8.0;
				LD_RUNPATH_SEARCH_PATHS = "$(inherited) @executable_path/Frameworks";
				PRODUCT_BUNDLE_IDENTIFIER = JHChat.Scroller;
				PRODUCT_NAME = "$(TARGET_NAME)";
				SWIFT_VERSION = 3.0;
			};
			name = Release;
		};
/* End XCBuildConfiguration section */

/* Begin XCConfigurationList section */
		925FFB411F3015FA008CEB6F /* Build configuration list for PBXProject "Scroller" */ = {
			isa = XCConfigurationList;
			buildConfigurations = (
				925FFB561F3015FA008CEB6F /* Debug */,
				925FFB571F3015FA008CEB6F /* Release */,
			);
			defaultConfigurationIsVisible = 0;
			defaultConfigurationName = Release;
		};
		925FFB581F3015FA008CEB6F /* Build configuration list for PBXNativeTarget "Scroller" */ = {
			isa = XCConfigurationList;
			buildConfigurations = (
				925FFB591F3015FA008CEB6F /* Debug */,
				925FFB5A1F3015FA008CEB6F /* Release */,
			);
			defaultConfigurationIsVisible = 0;
			defaultConfigurationName = Release;
		};
/* End XCConfigurationList section */
	};
	rootObject = 925FFB3E1F3015FA008CEB6F /* Project object */;
}
